
Microsoft Visual Studio Solution File, Format Version 12.00
# Visual Studio Version 17
VisualStudioVersion = 17.2.32616.157
MinimumVisualStudioVersion = 10.0.40219.1
Project("{8BC9CEB8-8B4A-11D0-8D11-00A0C91BC942}") = "Lighting", "Lighting\Lighting.vcxproj", "{91ADF40E-F751-405D-BC99-AA85484286FC}"
EndProject
Global
	GlobalSection(SolutionConfigurationPlatforms) = preSolution
		Debug|x64 = Debug|x64
		Debug|x86 = Debug|x86
		Release|x64 = Release|x64
		Release|x86 = Release|x86
	EndGlobalSection
	GlobalSection(ProjectConfigurationPlatforms) = postSolution
		{91ADF40E-F751-405D-BC99-AA85484286FC}.Debug|x64.ActiveCfg = Debug|x64
		{91ADF40E-F751-405D-BC99-AA85484286FC}.Debug|x64.Build.0 = Debug|x64
		{91ADF40E-F751-405D-BC99-AA85484286FC}.Debug|x86.ActiveCfg = Debug|Win32
		{91ADF40E-F751-405D-BC99-AA85484286FC}.Debug|x86.Build.0 = Debug|Win32
		{91ADF40E-F751-405D-BC99-AA85484286FC}.Release|x64.ActiveCfg = Release|x64
		{91ADF40E-F751-405D-BC99-AA85484286FC}.Release|x64.Build.0 = Release|x64
		{91ADF40E-F751-405D-BC99-AA85484286FC}.Release|x86.ActiveCfg = Release|Win32
		{91ADF40E-F751-405D-BC99-AA85484286FC}.Release|x86.Build.0 = Release|Win32
	EndGlobalSection
	GlobalSection(SolutionProperties) = preSolution
		HideSolutionNode = FALSE
	EndGlobalSection
	GlobalSection(ExtensibilityGlobals) = postSolution
		SolutionGuid = {ABA3E2D6-08EC-4E12-A2AE-3CBCFEE9EEDE}
	EndGlobalSection
EndGlobal
